// !$*UTF8*$!
{
	archiveVersion = 1;
	classes = {
	};
	objectVersion = 55;
	objects = {

/* Begin PBXBuildFile section */
		0055662A282BB1A800916582 /* CloudKit.framework in Frameworks */ = {isa = PBXBuildFile; fileRef = 00556629282BB1A800916582 /* CloudKit.framework */; };
		0055662C282D0E8300916582 /* AddListView.swift in Sources */ = {isa = PBXBuildFile; fileRef = 0055662B282D0E8300916582 /* AddListView.swift */; };
		0055662E282D0E9100916582 /* AddTaskView.swift in Sources */ = {isa = PBXBuildFile; fileRef = 0055662D282D0E9100916582 /* AddTaskView.swift */; };
		00556631282D1ED100916582 /* List.swift in Sources */ = {isa = PBXBuildFile; fileRef = 00556630282D1ED100916582 /* List.swift */; };
		00BA17EC282B592C00F31499 /* Task_ManagerApp.swift in Sources */ = {isa = PBXBuildFile; fileRef = 00BA17EB282B592C00F31499 /* Task_ManagerApp.swift */; };
		00BA17EE282B592C00F31499 /* DashboardView.swift in Sources */ = {isa = PBXBuildFile; fileRef = 00BA17ED282B592C00F31499 /* DashboardView.swift */; };
		00BA17F0282B593000F31499 /* Assets.xcassets in Resources */ = {isa = PBXBuildFile; fileRef = 00BA17EF282B593000F31499 /* Assets.xcassets */; };
		00BA17F3282B593000F31499 /* Preview Assets.xcassets in Resources */ = {isa = PBXBuildFile; fileRef = 00BA17F2282B593000F31499 /* Preview Assets.xcassets */; };
		00BA17FA282B5DC700F31499 /* VisualElements.swift in Sources */ = {isa = PBXBuildFile; fileRef = 00BA17F9282B5DC700F31499 /* VisualElements.swift */; };
		00BA17FC282B69AA00F31499 /* Task.swift in Sources */ = {isa = PBXBuildFile; fileRef = 00BA17FB282B69AA00F31499 /* Task.swift */; };
		00BA17FE282B75A300F31499 /* DataHandler.swift in Sources */ = {isa = PBXBuildFile; fileRef = 00BA17FD282B75A300F31499 /* DataHandler.swift */; };
		00BA1801282B78C700F31499 /* taskData.json in Resources */ = {isa = PBXBuildFile; fileRef = 00BA1800282B78C700F31499 /* taskData.json */; };
		00FEDA2F282D9657005E232E /* listSymbols.json in Resources */ = {isa = PBXBuildFile; fileRef = 00FEDA2E282D9657005E232E /* listSymbols.json */; };
/* End PBXBuildFile section */

/* Begin PBXFileReference section */
		00556627282BB19400916582 /* Task Manager.entitlements */ = {isa = PBXFileReference; lastKnownFileType = text.plist.entitlements; path = "Task Manager.entitlements"; sourceTree = "<group>"; };
		00556629282BB1A800916582 /* CloudKit.framework */ = {isa = PBXFileReference; lastKnownFileType = wrapper.framework; name = CloudKit.framework; path = System/Library/Frameworks/CloudKit.framework; sourceTree = SDKROOT; };
		0055662B282D0E8300916582 /* AddListView.swift */ = {isa = PBXFileReference; lastKnownFileType = sourcecode.swift; path = AddListView.swift; sourceTree = "<group>"; };
		0055662D282D0E9100916582 /* AddTaskView.swift */ = {isa = PBXFileReference; lastKnownFileType = sourcecode.swift; path = AddTaskView.swift; sourceTree = "<group>"; };
		00556630282D1ED100916582 /* List.swift */ = {isa = PBXFileReference; lastKnownFileType = sourcecode.swift; path = List.swift; sourceTree = "<group>"; };
		00BA17E8282B592C00F31499 /* Task Manager.app */ = {isa = PBXFileReference; explicitFileType = wrapper.application; includeInIndex = 0; path = "Task Manager.app"; sourceTree = BUILT_PRODUCTS_DIR; };
		00BA17EB282B592C00F31499 /* Task_ManagerApp.swift */ = {isa = PBXFileReference; lastKnownFileType = sourcecode.swift; path = Task_ManagerApp.swift; sourceTree = "<group>"; };
		00BA17ED282B592C00F31499 /* DashboardView.swift */ = {isa = PBXFileReference; lastKnownFileType = sourcecode.swift; path = DashboardView.swift; sourceTree = "<group>"; };
		00BA17EF282B593000F31499 /* Assets.xcassets */ = {isa = PBXFileReference; lastKnownFileType = folder.assetcatalog; path = Assets.xcassets; sourceTree = "<group>"; };
		00BA17F2282B593000F31499 /* Preview Assets.xcassets */ = {isa = PBXFileReference; lastKnownFileType = folder.assetcatalog; path = "Preview Assets.xcassets"; sourceTree = "<group>"; };
		00BA17F9282B5DC700F31499 /* VisualElements.swift */ = {isa = PBXFileReference; lastKnownFileType = sourcecode.swift; path = VisualElements.swift; sourceTree = "<group>"; };
		00BA17FB282B69AA00F31499 /* Task.swift */ = {isa = PBXFileReference; lastKnownFileType = sourcecode.swift; path = Task.swift; sourceTree = "<group>"; };
		00BA17FD282B75A300F31499 /* DataHandler.swift */ = {isa = PBXFileReference; lastKnownFileType = sourcecode.swift; path = DataHandler.swift; sourceTree = "<group>"; };
		00BA1800282B78C700F31499 /* taskData.json */ = {isa = PBXFileReference; lastKnownFileType = text.json; path = taskData.json; sourceTree = "<group>"; };
		00FEDA2E282D9657005E232E /* listSymbols.json */ = {isa = PBXFileReference; lastKnownFileType = text.json; path = listSymbols.json; sourceTree = "<group>"; };
/* End PBXFileReference section */

/* Begin PBXFrameworksBuildPhase section */
		00BA17E5282B592C00F31499 /* Frameworks */ = {
			isa = PBXFrameworksBuildPhase;
			buildActionMask = 2147483647;
			files = (
				0055662A282BB1A800916582 /* CloudKit.framework in Frameworks */,
			);
			runOnlyForDeploymentPostprocessing = 0;
		};
/* End PBXFrameworksBuildPhase section */

/* Begin PBXGroup section */
		00556628282BB1A800916582 /* Frameworks */ = {
			isa = PBXGroup;
			children = (
				00556629282BB1A800916582 /* CloudKit.framework */,
			);
			name = Frameworks;
			sourceTree = "<group>";
		};
		0055662F282D0E9C00916582 /* View */ = {
			isa = PBXGroup;
			children = (
				00BA17F9282B5DC700F31499 /* VisualElements.swift */,
				00BA17ED282B592C00F31499 /* DashboardView.swift */,
				0055662B282D0E8300916582 /* AddListView.swift */,
				0055662D282D0E9100916582 /* AddTaskView.swift */,
			);
			path = View;
			sourceTree = "<group>";
		};
		00BA17DF282B592C00F31499 = {
			isa = PBXGroup;
			children = (
				00BA17EA282B592C00F31499 /* Task Manager */,
				00BA17E9282B592C00F31499 /* Products */,
				00556628282BB1A800916582 /* Frameworks */,
			);
			sourceTree = "<group>";
		};
		00BA17E9282B592C00F31499 /* Products */ = {
			isa = PBXGroup;
			children = (
				00BA17E8282B592C00F31499 /* Task Manager.app */,
			);
			name = Products;
			sourceTree = "<group>";
		};
		00BA17EA282B592C00F31499 /* Task Manager */ = {
			isa = PBXGroup;
			children = (
				00556627282BB19400916582 /* Task Manager.entitlements */,
				00BA17EB282B592C00F31499 /* Task_ManagerApp.swift */,
				0055662F282D0E9C00916582 /* View */,
				00BA17FF282B75AF00F31499 /* Model */,
				00BA17EF282B593000F31499 /* Assets.xcassets */,
				00BA17F1282B593000F31499 /* Preview Content */,
			);
			path = "Task Manager";
			sourceTree = "<group>";
		};
		00BA17F1282B593000F31499 /* Preview Content */ = {
			isa = PBXGroup;
			children = (
				00BA17F2282B593000F31499 /* Preview Assets.xcassets */,
			);
			path = "Preview Content";
			sourceTree = "<group>";
		};
		00BA17FF282B75AF00F31499 /* Model */ = {
			isa = PBXGroup;
			children = (
				00BA17FB282B69AA00F31499 /* Task.swift */,
				00556630282D1ED100916582 /* List.swift */,
				00BA17FD282B75A300F31499 /* DataHandler.swift */,
				00BA1800282B78C700F31499 /* taskData.json */,
				00FEDA2E282D9657005E232E /* listSymbols.json */,
			);
			path = Model;
			sourceTree = "<group>";
		};
/* End PBXGroup section */

/* Begin PBXNativeTarget section */
		00BA17E7282B592C00F31499 /* Task Manager */ = {
			isa = PBXNativeTarget;
			buildConfigurationList = 00BA17F6282B593000F31499 /* Build configuration list for PBXNativeTarget "Task Manager" */;
			buildPhases = (
				00BA17E4282B592C00F31499 /* Sources */,
				00BA17E5282B592C00F31499 /* Frameworks */,
				00BA17E6282B592C00F31499 /* Resources */,
			);
			buildRules = (
			);
			dependencies = (
			);
			name = "Task Manager";
			productName = "Task Manager";
			productReference = 00BA17E8282B592C00F31499 /* Task Manager.app */;
			productType = "com.apple.product-type.application";
		};
/* End PBXNativeTarget section */

/* Begin PBXProject section */
		00BA17E0282B592C00F31499 /* Project object */ = {
			isa = PBXProject;
			attributes = {
				BuildIndependentTargetsInParallel = 1;
				LastSwiftUpdateCheck = 1330;
				LastUpgradeCheck = 1330;
				TargetAttributes = {
					00BA17E7282B592C00F31499 = {
						CreatedOnToolsVersion = 13.3.1;
					};
				};
			};
			buildConfigurationList = 00BA17E3282B592C00F31499 /* Build configuration list for PBXProject "Task Manager" */;
			compatibilityVersion = "Xcode 13.0";
			developmentRegion = en;
			hasScannedForEncodings = 0;
			knownRegions = (
				en,
				Base,
			);
			mainGroup = 00BA17DF282B592C00F31499;
			productRefGroup = 00BA17E9282B592C00F31499 /* Products */;
			projectDirPath = "";
			projectRoot = "";
			targets = (
				00BA17E7282B592C00F31499 /* Task Manager */,
			);
		};
/* End PBXProject section */

/* Begin PBXResourcesBuildPhase section */
		00BA17E6282B592C00F31499 /* Resources */ = {
			isa = PBXResourcesBuildPhase;
			buildActionMask = 2147483647;
			files = (
				00BA17F3282B593000F31499 /* Preview Assets.xcassets in Resources */,
				00FEDA2F282D9657005E232E /* listSymbols.json in Resources */,
				00BA1801282B78C700F31499 /* taskData.json in Resources */,
				00BA17F0282B593000F31499 /* Assets.xcassets in Resources */,
			);
			runOnlyForDeploymentPostprocessing = 0;
		};
/* End PBXResourcesBuildPhase section */

/* Begin PBXSourcesBuildPhase section */
		00BA17E4282B592C00F31499 /* Sources */ = {
			isa = PBXSourcesBuildPhase;
			buildActionMask = 2147483647;
			files = (
				00BA17FC282B69AA00F31499 /* Task.swift in Sources */,
				00556631282D1ED100916582 /* List.swift in Sources */,
				0055662E282D0E9100916582 /* AddTaskView.swift in Sources */,
				00BA17EE282B592C00F31499 /* DashboardView.swift in Sources */,
				0055662C282D0E8300916582 /* AddListView.swift in Sources */,
				00BA17FE282B75A300F31499 /* DataHandler.swift in Sources */,
				00BA17FA282B5DC700F31499 /* VisualElements.swift in Sources */,
				00BA17EC282B592C00F31499 /* Task_ManagerApp.swift in Sources */,
			);
			runOnlyForDeploymentPostprocessing = 0;
		};
/* End PBXSourcesBuildPhase section */

/* Begin XCBuildConfiguration section */
		00BA17F4282B593000F31499 /* Debug */ = {
			isa = XCBuildConfiguration;
			buildSettings = {
				ALWAYS_SEARCH_USER_PATHS = NO;
				CLANG_ANALYZER_NONNULL = YES;
				CLANG_ANALYZER_NUMBER_OBJECT_CONVERSION = YES_AGGRESSIVE;
				CLANG_CXX_LANGUAGE_STANDARD = "gnu++17";
				CLANG_ENABLE_MODULES = YES;
				CLANG_ENABLE_OBJC_ARC = YES;
				CLANG_ENABLE_OBJC_WEAK = YES;
				CLANG_WARN_BLOCK_CAPTURE_AUTORELEASING = YES;
				CLANG_WARN_BOOL_CONVERSION = YES;
				CLANG_WARN_COMMA = YES;
				CLANG_WARN_CONSTANT_CONVERSION = YES;
				CLANG_WARN_DEPRECATED_OBJC_IMPLEMENTATIONS = YES;
				CLANG_WARN_DIRECT_OBJC_ISA_USAGE = YES_ERROR;
				CLANG_WARN_DOCUMENTATION_COMMENTS = YES;
				CLANG_WARN_EMPTY_BODY = YES;
				CLANG_WARN_ENUM_CONVERSION = YES;
				CLANG_WARN_INFINITE_RECURSION = YES;
				CLANG_WARN_INT_CONVERSION = YES;
				CLANG_WARN_NON_LITERAL_NULL_CONVERSION = YES;
				CLANG_WARN_OBJC_IMPLICIT_RETAIN_SELF = YES;
				CLANG_WARN_OBJC_LITERAL_CONVERSION = YES;
				CLANG_WARN_OBJC_ROOT_CLASS = YES_ERROR;
				CLANG_WARN_QUOTED_INCLUDE_IN_FRAMEWORK_HEADER = YES;
				CLANG_WARN_RANGE_LOOP_ANALYSIS = YES;
				CLANG_WARN_STRICT_PROTOTYPES = YES;
				CLANG_WARN_SUSPICIOUS_MOVE = YES;
				CLANG_WARN_UNGUARDED_AVAILABILITY = YES_AGGRESSIVE;
				CLANG_WARN_UNREACHABLE_CODE = YES;
				CLANG_WARN__DUPLICATE_METHOD_MATCH = YES;
				COPY_PHASE_STRIP = NO;
				DEBUG_INFORMATION_FORMAT = dwarf;
				ENABLE_STRICT_OBJC_MSGSEND = YES;
				ENABLE_TESTABILITY = YES;
				GCC_C_LANGUAGE_STANDARD = gnu11;
				GCC_DYNAMIC_NO_PIC = NO;
				GCC_NO_COMMON_BLOCKS = YES;
				GCC_OPTIMIZATION_LEVEL = 0;
				GCC_PREPROCESSOR_DEFINITIONS = (
					"DEBUG=1",
					"$(inherited)",
				);
				GCC_WARN_64_TO_32_BIT_CONVERSION = YES;
				GCC_WARN_ABOUT_RETURN_TYPE = YES_ERROR;
				GCC_WARN_UNDECLARED_SELECTOR = YES;
				GCC_WARN_UNINITIALIZED_AUTOS = YES_AGGRESSIVE;
				GCC_WARN_UNUSED_FUNCTION = YES;
				GCC_WARN_UNUSED_VARIABLE = YES;
				IPHONEOS_DEPLOYMENT_TARGET = 15.4;
				MTL_ENABLE_DEBUG_INFO = INCLUDE_SOURCE;
				MTL_FAST_MATH = YES;
				ONLY_ACTIVE_ARCH = YES;
				SDKROOT = iphoneos;
				SWIFT_ACTIVE_COMPILATION_CONDITIONS = DEBUG;
				SWIFT_OPTIMIZATION_LEVEL = "-Onone";
			};
			name = Debug;
		};
		00BA17F5282B593000F31499 /* Release */ = {
			isa = XCBuildConfiguration;
			buildSettings = {
				ALWAYS_SEARCH_USER_PATHS = NO;
				CLANG_ANALYZER_NONNULL = YES;
				CLANG_ANALYZER_NUMBER_OBJECT_CONVERSION = YES_AGGRESSIVE;
				CLANG_CXX_LANGUAGE_STANDARD = "gnu++17";
				CLANG_ENABLE_MODULES = YES;
				CLANG_ENABLE_OBJC_ARC = YES;
				CLANG_ENABLE_OBJC_WEAK = YES;
				CLANG_WARN_BLOCK_CAPTURE_AUTORELEASING = YES;
				CLANG_WARN_BOOL_CONVERSION = YES;
				CLANG_WARN_COMMA = YES;
				CLANG_WARN_CONSTANT_CONVERSION = YES;
				CLANG_WARN_DEPRECATED_OBJC_IMPLEMENTATIONS = YES;
				CLANG_WARN_DIRECT_OBJC_ISA_USAGE = YES_ERROR;
				CLANG_WARN_DOCUMENTATION_COMMENTS = YES;
				CLANG_WARN_EMPTY_BODY = YES;
				CLANG_WARN_ENUM_CONVERSION = YES;
				CLANG_WARN_INFINITE_RECURSION = YES;
				CLANG_WARN_INT_CONVERSION = YES;
				CLANG_WARN_NON_LITERAL_NULL_CONVERSION = YES;
				CLANG_WARN_OBJC_IMPLICIT_RETAIN_SELF = YES;
				CLANG_WARN_OBJC_LITERAL_CONVERSION = YES;
				CLANG_WARN_OBJC_ROOT_CLASS = YES_ERROR;
				CLANG_WARN_QUOTED_INCLUDE_IN_FRAMEWORK_HEADER = YES;
				CLANG_WARN_RANGE_LOOP_ANALYSIS = YES;
				CLANG_WARN_STRICT_PROTOTYPES = YES;
				CLANG_WARN_SUSPICIOUS_MOVE = YES;
				CLANG_WARN_UNGUARDED_AVAILABILITY = YES_AGGRESSIVE;
				CLANG_WARN_UNREACHABLE_CODE = YES;
				CLANG_WARN__DUPLICATE_METHOD_MATCH = YES;
				COPY_PHASE_STRIP = NO;
				DEBUG_INFORMATION_FORMAT = "dwarf-with-dsym";
				ENABLE_NS_ASSERTIONS = NO;
				ENABLE_STRICT_OBJC_MSGSEND = YES;
				GCC_C_LANGUAGE_STANDARD = gnu11;
				GCC_NO_COMMON_BLOCKS = YES;
				GCC_WARN_64_TO_32_BIT_CONVERSION = YES;
				GCC_WARN_ABOUT_RETURN_TYPE = YES_ERROR;
				GCC_WARN_UNDECLARED_SELECTOR = YES;
				GCC_WARN_UNINITIALIZED_AUTOS = YES_AGGRESSIVE;
				GCC_WARN_UNUSED_FUNCTION = YES;
				GCC_WARN_UNUSED_VARIABLE = YES;
				IPHONEOS_DEPLOYMENT_TARGET = 15.4;
				MTL_ENABLE_DEBUG_INFO = NO;
				MTL_FAST_MATH = YES;
				SDKROOT = iphoneos;
				SWIFT_COMPILATION_MODE = wholemodule;
				SWIFT_OPTIMIZATION_LEVEL = "-O";
				VALIDATE_PRODUCT = YES;
			};
			name = Release;
		};
		00BA17F7282B593000F31499 /* Debug */ = {
			isa = XCBuildConfiguration;
			buildSettings = {
				ASSETCATALOG_COMPILER_APPICON_NAME = AppIcon;
				ASSETCATALOG_COMPILER_GLOBAL_ACCENT_COLOR_NAME = AccentColor;
				CODE_SIGN_ENTITLEMENTS = "Task Manager/Task Manager.entitlements";
				CODE_SIGN_STYLE = Automatic;
				CURRENT_PROJECT_VERSION = 1;
				DEVELOPMENT_ASSET_PATHS = "\"Task Manager/Preview Content\"";
				DEVELOPMENT_TEAM = 4M48D4QJHN;
				ENABLE_PREVIEWS = YES;
				GENERATE_INFOPLIST_FILE = YES;
				INFOPLIST_KEY_UIApplicationSceneManifest_Generation = YES;
				INFOPLIST_KEY_UIApplicationSupportsIndirectInputEvents = YES;
				INFOPLIST_KEY_UILaunchScreen_Generation = YES;
				INFOPLIST_KEY_UISupportedInterfaceOrientations_iPad = "UIInterfaceOrientationPortrait UIInterfaceOrientationPortraitUpsideDown UIInterfaceOrientationLandscapeLeft UIInterfaceOrientationLandscapeRight";
				INFOPLIST_KEY_UISupportedInterfaceOrientations_iPhone = "UIInterfaceOrientationPortrait UIInterfaceOrientationLandscapeLeft UIInterfaceOrientationLandscapeRight";
				LD_RUNPATH_SEARCH_PATHS = (
					"$(inherited)",
					"@executable_path/Frameworks",
				);
				MARKETING_VERSION = 1.0;
				PRODUCT_BUNDLE_IDENTIFIER = com.spencerhartland.taskmanager;
				PRODUCT_NAME = "$(TARGET_NAME)";
				SWIFT_EMIT_LOC_STRINGS = YES;
				SWIFT_VERSION = 5.0;
				TARGETED_DEVICE_FAMILY = "1,2";
			};
			name = Debug;
		};
		00BA17F8282B593000F31499 /* Release */ = {
			isa = XCBuildConfiguration;
			buildSettings = {
				ASSETCATALOG_COMPILER_APPICON_NAME = AppIcon;
				ASSETCATALOG_COMPILER_GLOBAL_ACCENT_COLOR_NAME = AccentColor;
				CODE_SIGN_ENTITLEMENTS = "Task Manager/Task Manager.entitlements";
				CODE_SIGN_STYLE = Automatic;
				CURRENT_PROJECT_VERSION = 1;
				DEVELOPMENT_ASSET_PATHS = "\"Task Manager/Preview Content\"";
				DEVELOPMENT_TEAM = 4M48D4QJHN;
				ENABLE_PREVIEWS = YES;
				GENERATE_INFOPLIST_FILE = YES;
				INFOPLIST_KEY_UIApplicationSceneManifest_Generation = YES;
				INFOPLIST_KEY_UIApplicationSupportsIndirectInputEvents = YES;
				INFOPLIST_KEY_UILaunchScreen_Generation = YES;
				INFOPLIST_KEY_UISupportedInterfaceOrientations_iPad = "UIInterfaceOrientationPortrait UIInterfaceOrientationPortraitUpsideDown UIInterfaceOrientationLandscapeLeft UIInterfaceOrientationLandscapeRight";
				INFOPLIST_KEY_UISupportedInterfaceOrientations_iPhone = "UIInterfaceOrientationPortrait UIInterfaceOrientationLandscapeLeft UIInterfaceOrientationLandscapeRight";
				LD_RUNPATH_SEARCH_PATHS = (
					"$(inherited)",
					"@executable_path/Frameworks",
				);
				MARKETING_VERSION = 1.0;
				PRODUCT_BUNDLE_IDENTIFIER = com.spencerhartland.taskmanager;
				PRODUCT_NAME = "$(TARGET_NAME)";
				SWIFT_EMIT_LOC_STRINGS = YES;
				SWIFT_VERSION = 5.0;
				TARGETED_DEVICE_FAMILY = "1,2";
			};
			name = Release;
		};
/* End XCBuildConfiguration section */

/* Begin XCConfigurationList section */
		00BA17E3282B592C00F31499 /* Build configuration list for PBXProject "Task Manager" */ = {
			isa = XCConfigurationList;
			buildConfigurations = (
				00BA17F4282B593000F31499 /* Debug */,
				00BA17F5282B593000F31499 /* Release */,
			);
			defaultConfigurationIsVisible = 0;
			defaultConfigurationName = Release;
		};
		00BA17F6282B593000F31499 /* Build configuration list for PBXNativeTarget "Task Manager" */ = {
			isa = XCConfigurationList;
			buildConfigurations = (
				00BA17F7282B593000F31499 /* Debug */,
				00BA17F8282B593000F31499 /* Release */,
			);
			defaultConfigurationIsVisible = 0;
			defaultConfigurationName = Release;
		};
/* End XCConfigurationList section */
	};
	rootObject = 00BA17E0282B592C00F31499 /* Project object */;
}
